
Microsoft Visual Studio Solution File, Format Version 12.00
# Visual Studio 15
VisualStudioVersion = 15.0.28010.2046
MinimumVisualStudioVersion = 10.0.40219.1
Project("{FAE04EC0-301F-11D3-BF4B-00C04F79EFBC}") = "WebApp1", "WebApp1\WebApp1.csproj", "{452AD74D-5A38-443E-83D9-1321F880E4B8}"
EndProject
Global
	GlobalSection(SolutionConfigurationPlatforms) = preSolution
		Debug|Any CPU = Debug|Any CPU
		Release|Any CPU = Release|Any CPU
	EndGlobalSection
	GlobalSection(ProjectConfigurationPlatforms) = postSolution
		{452AD74D-5A38-443E-83D9-1321F880E4B8}.Debug|Any CPU.ActiveCfg = Debug|Any CPU
		{452AD74D-5A38-443E-83D9-1321F880E4B8}.Debug|Any CPU.Build.0 = Debug|Any CPU
		{452AD74D-5A38-443E-83D9-1321F880E4B8}.Release|Any CPU.ActiveCfg = Release|Any CPU
		{452AD74D-5A38-443E-83D9-1321F880E4B8}.Release|Any CPU.Build.0 = Release|Any CPU
	EndGlobalSection
	GlobalSection(SolutionProperties) = preSolution
		HideSolutionNode = FALSE
	EndGlobalSection
	GlobalSection(ExtensibilityGlobals) = postSolution
		SolutionGuid = {2E3A521A-F008-485E-9631-47F91B707FE9}
	EndGlobalSection
EndGlobal
